
Microsoft Visual Studio Solution File, Format Version 12.00
# Visual Studio 2012
Project("{FAE04EC0-301F-11D3-BF4B-00C04F79EFBC}") = "TetrisTDD", "TetrisTDD\TetrisTDD.csproj", "{DD50FAC9-EDCD-4AB8-BA79-CC43256765CE}"
EndProject
Project("{FAE04EC0-301F-11D3-BF4B-00C04F79EFBC}") = "TetrisTDD.Test", "TetrisTDD.Test\TetrisTDD.Test.csproj", "{D6644182-2365-467B-8891-C0FA63A526E8}"
EndProject
Global
	GlobalSection(SolutionConfigurationPlatforms) = preSolution
		Debug|Any CPU = Debug|Any CPU
		Release|Any CPU = Release|Any CPU
	EndGlobalSection
	GlobalSection(ProjectConfigurationPlatforms) = postSolution
		{DD50FAC9-EDCD-4AB8-BA79-CC43256765CE}.Debug|Any CPU.ActiveCfg = Debug|Any CPU
		{DD50FAC9-EDCD-4AB8-BA79-CC43256765CE}.Debug|Any CPU.Build.0 = Debug|Any CPU
		{DD50FAC9-EDCD-4AB8-BA79-CC43256765CE}.Release|Any CPU.ActiveCfg = Release|Any CPU
		{DD50FAC9-EDCD-4AB8-BA79-CC43256765CE}.Release|Any CPU.Build.0 = Release|Any CPU
		{D6644182-2365-467B-8891-C0FA63A526E8}.Debug|Any CPU.ActiveCfg = Debug|Any CPU
		{D6644182-2365-467B-8891-C0FA63A526E8}.Debug|Any CPU.Build.0 = Debug|Any CPU
		{D6644182-2365-467B-8891-C0FA63A526E8}.Release|Any CPU.ActiveCfg = Release|Any CPU
		{D6644182-2365-467B-8891-C0FA63A526E8}.Release|Any CPU.Build.0 = Release|Any CPU
	EndGlobalSection
	GlobalSection(SolutionProperties) = preSolution
		HideSolutionNode = FALSE
	EndGlobalSection
EndGlobal
